{
  "name": "json",
  "version": "0.1.0",
  "dependencies": {
    "applicationinsights": {
      "version": "0.17.0",
      "from": "applicationinsights@0.17.0",
      "resolved": "https://registry.npmjs.org/applicationinsights/-/applicationinsights-0.17.0.tgz"
    },
    "vscode-extension-telemetry": {
      "version": "0.0.5",
      "from": "microsoft/vscode-extension-telemetry#5dfdb812663332650ba7fdf76fd5e96c4db56d64",
      "resolved": "git://github.com/microsoft/vscode-extension-telemetry.git#5dfdb812663332650ba7fdf76fd5e96c4db56d64"
    },
    "vscode-jsonrpc": {
      "version": "3.0.1-alpha.2",
      "from": "vscode-jsonrpc@>=3.0.1-alpha.2 <4.0.0",
      "resolved": "https://registry.npmjs.org/vscode-jsonrpc/-/vscode-jsonrpc-3.0.1-alpha.2.tgz"
    },
    "vscode-languageclient": {
      "version": "3.0.1-alpha.3",
      "from": "vscode-languageclient@next",
      "resolved": "https://registry.npmjs.org/vscode-languageclient/-/vscode-languageclient-3.0.1-alpha.3.tgz"
    },
    "vscode-languageserver-types": {
      "version": "3.0.1-alpha.2",
      "from": "vscode-languageserver-types@>=3.0.1-alpha.2 <4.0.0",
      "resolved": "https://registry.npmjs.org/vscode-languageserver-types/-/vscode-languageserver-types-3.0.1-alpha.2.tgz"
    },
    "vscode-nls": {
      "version": "1.0.7",
      "from": "vscode-nls@latest",
      "resolved": "https://registry.npmjs.org/vscode-nls/-/vscode-nls-1.0.7.tgz"
    },
    "winreg": {
      "version": "0.0.13",
      "from": "winreg@0.0.13",
      "resolved": "https://registry.npmjs.org/winreg/-/winreg-0.0.13.tgz"
    }
  }
}
